Microsoft Visual Studio Solution File, Format Version 11.00
# Visual Studio 2008

Project("{2BF1704D-752A-1129-0441-301D93079B3F}") = "TodFod", "Assembly-CSharp-firstpass-vs.csproj", "{642553B1-0A4B-0933-EBE9-5EC5625893E2}"
EndProject
Project("{2BF1704D-752A-1129-0441-301D93079B3F}") = "TodFod", "Assembly-CSharp-vs.csproj", "{9882907A-96AF-B8A7-4B04-19B947C996FA}"
EndProject
Global
	GlobalSection(SolutionConfigurationPlatforms) = preSolution
		Debug|Any CPU = Debug|Any CPU
		Release|Any CPU = Release|Any CPU
	EndGlobalSection
	GlobalSection(ProjectConfigurationPlatforms) = postSolution
		{642553B1-0A4B-0933-EBE9-5EC5625893E2}.Debug|Any CPU.ActiveCfg = Debug|Any CPU
		{642553B1-0A4B-0933-EBE9-5EC5625893E2}.Debug|Any CPU.Build.0 = Debug|Any CPU
		{642553B1-0A4B-0933-EBE9-5EC5625893E2}.Release|Any CPU.ActiveCfg = Release|Any CPU
		{642553B1-0A4B-0933-EBE9-5EC5625893E2}.Release|Any CPU.Build.0 = Release|Any CPU
		{9882907A-96AF-B8A7-4B04-19B947C996FA}.Debug|Any CPU.ActiveCfg = Debug|Any CPU
		{9882907A-96AF-B8A7-4B04-19B947C996FA}.Debug|Any CPU.Build.0 = Debug|Any CPU
		{9882907A-96AF-B8A7-4B04-19B947C996FA}.Release|Any CPU.ActiveCfg = Release|Any CPU
		{9882907A-96AF-B8A7-4B04-19B947C996FA}.Release|Any CPU.Build.0 = Release|Any CPU
	EndGlobalSection
	GlobalSection(SolutionProperties) = preSolution
		HideSolutionNode = FALSE
	EndGlobalSection
											GlobalSection(MonoDevelopProperties) = preSolution
		StartupItem = Assembly-CSharp.csproj
		Policies = $0
		$0.TextStylePolicy = $1
		$1.inheritsSet = null
		$1.scope = text/x-csharp
		$0.CSharpFormattingPolicy = $2
		$2.inheritsSet = Mono
		$2.inheritsScope = text/x-csharp
		$2.scope = text/x-csharp
		$0.TextStylePolicy = $3
		$3.FileWidth = 120
		$3.TabWidth = 4
		$3.EolMarker = Unix
		$3.inheritsSet = Mono
		$3.inheritsScope = text/plain
		$3.scope = text/plain
	EndGlobalSection

EndGlobal
